
Microsoft Visual Studio Solution File, Format Version 9.00
# Visual Studio 2005
Project("{8BC9CEB8-8B4A-11D0-8D11-00A0C91BC942}") = "knetlib-vs2005", "knetlib-vs2005.vcproj", "{2CD07FD9-51D1-41DD-A8C9-B13DA907231D}"
EndProject
Project("{8BC9CEB8-8B4A-11D0-8D11-00A0C91BC942}") = "examples-vs2005", "examples-vs2005.vcproj", "{77FCAE46-9AB2-4A6A-BC88-70938FA2C4A1}"
EndProject
Global
	GlobalSection(SolutionConfigurationPlatforms) = preSolution
		Debug|Win32 = Debug|Win32
		Release|Win32 = Release|Win32
	EndGlobalSection
	GlobalSection(ProjectConfigurationPlatforms) = postSolution
		{2CD07FD9-51D1-41DD-A8C9-B13DA907231D}.Debug|Win32.ActiveCfg = Debug|Win32
		{2CD07FD9-51D1-41DD-A8C9-B13DA907231D}.Debug|Win32.Build.0 = Debug|Win32
		{2CD07FD9-51D1-41DD-A8C9-B13DA907231D}.Release|Win32.ActiveCfg = Release|Win32
		{2CD07FD9-51D1-41DD-A8C9-B13DA907231D}.Release|Win32.Build.0 = Release|Win32
		{77FCAE46-9AB2-4A6A-BC88-70938FA2C4A1}.Debug|Win32.ActiveCfg = Debug|Win32
		{77FCAE46-9AB2-4A6A-BC88-70938FA2C4A1}.Debug|Win32.Build.0 = Debug|Win32
		{77FCAE46-9AB2-4A6A-BC88-70938FA2C4A1}.Release|Win32.ActiveCfg = Release|Win32
		{77FCAE46-9AB2-4A6A-BC88-70938FA2C4A1}.Release|Win32.Build.0 = Release|Win32
	EndGlobalSection
	GlobalSection(SolutionProperties) = preSolution
		HideSolutionNode = FALSE
	EndGlobalSection
EndGlobal
