
Microsoft Visual Studio Solution File, Format Version 11.00
# Visual Studio 2010
Project("{8BC9CEB8-8B4A-11D0-8D11-00A0C91BC942}") = "knetlib-vs2010", "knetlib-vs2010.vcxproj", "{849443A1-9FA2-42D4-AF71-97F0CC646576}"
EndProject
Project("{8BC9CEB8-8B4A-11D0-8D11-00A0C91BC942}") = "examples-vs2010", "examples-vs2010.vcxproj", "{F1F3DF1B-1212-4A5C-A2CC-CF4C5F3D16FB}"
EndProject
Project("{8BC9CEB8-8B4A-11D0-8D11-00A0C91BC942}") = "test_client-vs2010", "test_client-vs2010.vcxproj", "{0D99D38A-62D7-459C-8C3C-46B07149DF6C}"
EndProject
Project("{8BC9CEB8-8B4A-11D0-8D11-00A0C91BC942}") = "test_server-vs2010", "test_server-vs2010.vcxproj", "{49BFFA36-E322-4A07-A1DC-0F99B732F7D1}"
EndProject
Global
	GlobalSection(SolutionConfigurationPlatforms) = preSolution
		Debug|Win32 = Debug|Win32
		Debug|x64 = Debug|x64
		Release|Win32 = Release|Win32
		Release|x64 = Release|x64
	EndGlobalSection
	GlobalSection(ProjectConfigurationPlatforms) = postSolution
		{849443A1-9FA2-42D4-AF71-97F0CC646576}.Debug|Win32.ActiveCfg = Debug|Win32
		{849443A1-9FA2-42D4-AF71-97F0CC646576}.Debug|Win32.Build.0 = Debug|Win32
		{849443A1-9FA2-42D4-AF71-97F0CC646576}.Debug|x64.ActiveCfg = Debug|x64
		{849443A1-9FA2-42D4-AF71-97F0CC646576}.Debug|x64.Build.0 = Debug|x64
		{849443A1-9FA2-42D4-AF71-97F0CC646576}.Release|Win32.ActiveCfg = Release|Win32
		{849443A1-9FA2-42D4-AF71-97F0CC646576}.Release|Win32.Build.0 = Release|Win32
		{849443A1-9FA2-42D4-AF71-97F0CC646576}.Release|x64.ActiveCfg = Release|x64
		{849443A1-9FA2-42D4-AF71-97F0CC646576}.Release|x64.Build.0 = Release|x64
		{F1F3DF1B-1212-4A5C-A2CC-CF4C5F3D16FB}.Debug|Win32.ActiveCfg = Debug|Win32
		{F1F3DF1B-1212-4A5C-A2CC-CF4C5F3D16FB}.Debug|Win32.Build.0 = Debug|Win32
		{F1F3DF1B-1212-4A5C-A2CC-CF4C5F3D16FB}.Debug|x64.ActiveCfg = Debug|Win32
		{F1F3DF1B-1212-4A5C-A2CC-CF4C5F3D16FB}.Release|Win32.ActiveCfg = Release|Win32
		{F1F3DF1B-1212-4A5C-A2CC-CF4C5F3D16FB}.Release|Win32.Build.0 = Release|Win32
		{F1F3DF1B-1212-4A5C-A2CC-CF4C5F3D16FB}.Release|x64.ActiveCfg = Release|Win32
		{0D99D38A-62D7-459C-8C3C-46B07149DF6C}.Debug|Win32.ActiveCfg = Debug|Win32
		{0D99D38A-62D7-459C-8C3C-46B07149DF6C}.Debug|Win32.Build.0 = Debug|Win32
		{0D99D38A-62D7-459C-8C3C-46B07149DF6C}.Debug|x64.ActiveCfg = Debug|Win32
		{0D99D38A-62D7-459C-8C3C-46B07149DF6C}.Release|Win32.ActiveCfg = Release|Win32
		{0D99D38A-62D7-459C-8C3C-46B07149DF6C}.Release|Win32.Build.0 = Release|Win32
		{0D99D38A-62D7-459C-8C3C-46B07149DF6C}.Release|x64.ActiveCfg = Release|Win32
		{49BFFA36-E322-4A07-A1DC-0F99B732F7D1}.Debug|Win32.ActiveCfg = Debug|Win32
		{49BFFA36-E322-4A07-A1DC-0F99B732F7D1}.Debug|Win32.Build.0 = Debug|Win32
		{49BFFA36-E322-4A07-A1DC-0F99B732F7D1}.Debug|x64.ActiveCfg = Debug|Win32
		{49BFFA36-E322-4A07-A1DC-0F99B732F7D1}.Release|Win32.ActiveCfg = Release|Win32
		{49BFFA36-E322-4A07-A1DC-0F99B732F7D1}.Release|Win32.Build.0 = Release|Win32
		{49BFFA36-E322-4A07-A1DC-0F99B732F7D1}.Release|x64.ActiveCfg = Release|Win32
	EndGlobalSection
	GlobalSection(SolutionProperties) = preSolution
		HideSolutionNode = FALSE
	EndGlobalSection
EndGlobal
